
Microsoft Visual Studio Solution File, Format Version 12.00
# Visual Studio Version 17
VisualStudioVersion = 17.11.35327.3
MinimumVisualStudioVersion = 10.0.40219.1
Project("{FAE04EC0-301F-11D3-BF4B-00C04F79EFBC}") = "Kingmaker", "Kingmaker.csproj", "{86F027E8-A65B-4FCF-BB51-4B4CDF5681B4}"
EndProject
Global
	GlobalSection(SolutionConfigurationPlatforms) = preSolution
		Debug|Any CPU = Debug|Any CPU
		Release|Any CPU = Release|Any CPU
	EndGlobalSection
	GlobalSection(ProjectConfigurationPlatforms) = postSolution
		{86F027E8-A65B-4FCF-BB51-4B4CDF5681B4}.Debug|Any CPU.ActiveCfg = Debug|Any CPU
		{86F027E8-A65B-4FCF-BB51-4B4CDF5681B4}.Debug|Any CPU.Build.0 = Debug|Any CPU
		{86F027E8-A65B-4FCF-BB51-4B4CDF5681B4}.Release|Any CPU.ActiveCfg = Release|Any CPU
		{86F027E8-A65B-4FCF-BB51-4B4CDF5681B4}.Release|Any CPU.Build.0 = Release|Any CPU
	EndGlobalSection
	GlobalSection(SolutionProperties) = preSolution
		HideSolutionNode = FALSE
	EndGlobalSection
	GlobalSection(ExtensibilityGlobals) = postSolution
		SolutionGuid = {49A5CAE6-DAD3-4D7D-96A2-84CC1E295D28}
	EndGlobalSection
EndGlobal
